
Microsoft Visual Studio Solution File, Format Version 12.00
# Visual Studio Version 17
VisualStudioVersion = 17.4.33213.308
MinimumVisualStudioVersion = 10.0.40219.1
Project("{9A19103F-16F7-4668-BE54-9A1E7A4F7556}") = "FinancialCalcLib", "FinancialCalcLib\FinancialCalcLib.csproj", "{0E0E2C58-9ACB-4C6D-9D89-F04EDF727721}"
EndProject
Project("{9A19103F-16F7-4668-BE54-9A1E7A4F7556}") = "FinancialCalcLib.Tests", "FinancialCalcLib.Tests\FinancialCalcLib.Tests.csproj", "{11D53D05-5FBB-4C1E-B48A-522B42A6514E}"
EndProject
Project("{FAE04EC0-301F-11D3-BF4B-00C04F79EFBC}") = "FinancialCalcLib.TestConsole", "FinancialCalcLib.TestConsole\FinancialCalcLib.TestConsole.csproj", "{9F9BDEB2-3E85-4656-82C7-A1626736F264}"
EndProject
Global
	GlobalSection(SolutionConfigurationPlatforms) = preSolution
		Debug|Any CPU = Debug|Any CPU
		Release|Any CPU = Release|Any CPU
	EndGlobalSection
	GlobalSection(ProjectConfigurationPlatforms) = postSolution
		{0E0E2C58-9ACB-4C6D-9D89-F04EDF727721}.Debug|Any CPU.ActiveCfg = Debug|Any CPU
		{0E0E2C58-9ACB-4C6D-9D89-F04EDF727721}.Debug|Any CPU.Build.0 = Debug|Any CPU
		{0E0E2C58-9ACB-4C6D-9D89-F04EDF727721}.Release|Any CPU.ActiveCfg = Release|Any CPU
		{0E0E2C58-9ACB-4C6D-9D89-F04EDF727721}.Release|Any CPU.Build.0 = Release|Any CPU
		{11D53D05-5FBB-4C1E-B48A-522B42A6514E}.Debug|Any CPU.ActiveCfg = Debug|Any CPU
		{11D53D05-5FBB-4C1E-B48A-522B42A6514E}.Debug|Any CPU.Build.0 = Debug|Any CPU
		{11D53D05-5FBB-4C1E-B48A-522B42A6514E}.Release|Any CPU.ActiveCfg = Release|Any CPU
		{11D53D05-5FBB-4C1E-B48A-522B42A6514E}.Release|Any CPU.Build.0 = Release|Any CPU
		{9F9BDEB2-3E85-4656-82C7-A1626736F264}.Debug|Any CPU.ActiveCfg = Debug|Any CPU
		{9F9BDEB2-3E85-4656-82C7-A1626736F264}.Debug|Any CPU.Build.0 = Debug|Any CPU
		{9F9BDEB2-3E85-4656-82C7-A1626736F264}.Release|Any CPU.ActiveCfg = Release|Any CPU
		{9F9BDEB2-3E85-4656-82C7-A1626736F264}.Release|Any CPU.Build.0 = Release|Any CPU
	EndGlobalSection
	GlobalSection(SolutionProperties) = preSolution
		HideSolutionNode = FALSE
	EndGlobalSection
	GlobalSection(ExtensibilityGlobals) = postSolution
		SolutionGuid = {CC4019D2-04F2-4AD6-B0E5-2CC1B1C4153C}
	EndGlobalSection
EndGlobal
